
Microsoft Visual Studio Solution File, Format Version 12.00
# Visual Studio Version 17
VisualStudioVersion = 17.14.37111.16 d17.14
MinimumVisualStudioVersion = 10.0.40219.1
Project("{FAE04EC0-301F-11D3-BF4B-00C04F79EFBC}") = "TrainingCenterApi", "TrainingCenterApi.csproj", "{D277ED07-98C6-427D-B386-495FC232535E}"
EndProject
Global
	GlobalSection(SolutionConfigurationPlatforms) = preSolution
		Debug|Any CPU = Debug|Any CPU
		Release|Any CPU = Release|Any CPU
	EndGlobalSection
	GlobalSection(ProjectConfigurationPlatforms) = postSolution
		{D277ED07-98C6-427D-B386-495FC232535E}.Debug|Any CPU.ActiveCfg = Debug|Any CPU
		{D277ED07-98C6-427D-B386-495FC232535E}.Debug|Any CPU.Build.0 = Debug|Any CPU
		{D277ED07-98C6-427D-B386-495FC232535E}.Release|Any CPU.ActiveCfg = Release|Any CPU
		{D277ED07-98C6-427D-B386-495FC232535E}.Release|Any CPU.Build.0 = Release|Any CPU
	EndGlobalSection
	GlobalSection(SolutionProperties) = preSolution
		HideSolutionNode = FALSE
	EndGlobalSection
	GlobalSection(ExtensibilityGlobals) = postSolution
		SolutionGuid = {ABD29CA3-4085-47DC-A3F8-96CDE13955E2}
	EndGlobalSection
EndGlobal
